// !$*UTF8*$!
{
	archiveVersion = 1;
	classes = {
	};
	objectVersion = 50;
	objects = {

/* Begin PBXBuildFile section */
		1B30661F2700739C0007EEA5 /* main.swift in Sources */ = {isa = PBXBuildFile; fileRef = 1B30661E2700739C0007EEA5 /* main.swift */; };
/* End PBXBuildFile section */

/* Begin PBXCopyFilesBuildPhase section */
		1B3066192700739C0007EEA5 /* CopyFiles */ = {
			isa = PBXCopyFilesBuildPhase;
			buildActionMask = 2147483647;
			dstPath = /usr/share/man/man1/;
			dstSubfolderSpec = 0;
			files = (
			);
			runOnlyForDeploymentPostprocessing = 1;
		};
/* End PBXCopyFilesBuildPhase section */

/* Begin PBXFileReference section */
		1B30661B2700739C0007EEA5 /* Swift_ExecuteProj */ = {isa = PBXFileReference; explicitFileType = "compiled.mach-o.executable"; includeInIndex = 0; path = Swift_ExecuteProj; sourceTree = BUILT_PRODUCTS_DIR; };
		1B30661E2700739C0007EEA5 /* main.swift */ = {isa = PBXFileReference; lastKnownFileType = sourcecode.swift; path = main.swift; sourceTree = "<group>"; };
		1B306631270074AD0007EEA5 /* marty_1005.swift */ = {isa = PBXFileReference; lastKnownFileType = sourcecode.swift; path = marty_1005.swift; sourceTree = "<group>"; };
		1B306633270074AD0007EEA5 /* marty_1018.swift */ = {isa = PBXFileReference; lastKnownFileType = sourcecode.swift; path = marty_1018.swift; sourceTree = "<group>"; };
		1B306635270074AD0007EEA5 /* marty_1008.swift */ = {isa = PBXFileReference; lastKnownFileType = sourcecode.swift; path = marty_1008.swift; sourceTree = "<group>"; };
		1B306637270074AD0007EEA5 /* marty_1001.swift */ = {isa = PBXFileReference; lastKnownFileType = sourcecode.swift; path = marty_1001.swift; sourceTree = "<group>"; };
		1B306639270074AD0007EEA5 /* marty_1000.swift */ = {isa = PBXFileReference; lastKnownFileType = sourcecode.swift; path = marty_1000.swift; sourceTree = "<group>"; };
/* End PBXFileReference section */

/* Begin PBXFrameworksBuildPhase section */
		1B3066182700739C0007EEA5 /* Frameworks */ = {
			isa = PBXFrameworksBuildPhase;
			buildActionMask = 2147483647;
			files = (
			);
			runOnlyForDeploymentPostprocessing = 0;
		};
/* End PBXFrameworksBuildPhase section */

/* Begin PBXGroup section */
		1B3066122700739C0007EEA5 = {
			isa = PBXGroup;
			children = (
				1B30661D2700739C0007EEA5 /* Swift_ExecuteProj */,
				1B30661C2700739C0007EEA5 /* Products */,
			);
			sourceTree = "<group>";
		};
		1B30661C2700739C0007EEA5 /* Products */ = {
			isa = PBXGroup;
			children = (
				1B30661B2700739C0007EEA5 /* Swift_ExecuteProj */,
			);
			name = Products;
			sourceTree = "<group>";
		};
		1B30661D2700739C0007EEA5 /* Swift_ExecuteProj */ = {
			isa = PBXGroup;
			children = (
				1B30662F270074AD0007EEA5 /* baekjoon */,
				1B30661E2700739C0007EEA5 /* main.swift */,
			);
			path = Swift_ExecuteProj;
			sourceTree = "<group>";
		};
		1B30662F270074AD0007EEA5 /* baekjoon */ = {
			isa = PBXGroup;
			children = (
				1B306630270074AD0007EEA5 /* 1005 */,
				1B306632270074AD0007EEA5 /* 1018 */,
				1B306634270074AD0007EEA5 /* 1008 */,
				1B306636270074AD0007EEA5 /* 1001 */,
				1B306638270074AD0007EEA5 /* 1000 */,
			);
			path = baekjoon;
			sourceTree = "<group>";
		};
		1B306630270074AD0007EEA5 /* 1005 */ = {
			isa = PBXGroup;
			children = (
				1B306631270074AD0007EEA5 /* marty_1005.swift */,
			);
			path = 1005;
			sourceTree = "<group>";
		};
		1B306632270074AD0007EEA5 /* 1018 */ = {
			isa = PBXGroup;
			children = (
				1B306633270074AD0007EEA5 /* marty_1018.swift */,
			);
			path = 1018;
			sourceTree = "<group>";
		};
		1B306634270074AD0007EEA5 /* 1008 */ = {
			isa = PBXGroup;
			children = (
				1B306635270074AD0007EEA5 /* marty_1008.swift */,
			);
			path = 1008;
			sourceTree = "<group>";
		};
		1B306636270074AD0007EEA5 /* 1001 */ = {
			isa = PBXGroup;
			children = (
				1B306637270074AD0007EEA5 /* marty_1001.swift */,
			);
			path = 1001;
			sourceTree = "<group>";
		};
		1B306638270074AD0007EEA5 /* 1000 */ = {
			isa = PBXGroup;
			children = (
				1B306639270074AD0007EEA5 /* marty_1000.swift */,
			);
			path = 1000;
			sourceTree = "<group>";
		};
/* End PBXGroup section */

/* Begin PBXNativeTarget section */
		1B30661A2700739C0007EEA5 /* Swift_ExecuteProj */ = {
			isa = PBXNativeTarget;
			buildConfigurationList = 1B3066222700739C0007EEA5 /* Build configuration list for PBXNativeTarget "Swift_ExecuteProj" */;
			buildPhases = (
				1B3066172700739C0007EEA5 /* Sources */,
				1B3066182700739C0007EEA5 /* Frameworks */,
				1B3066192700739C0007EEA5 /* CopyFiles */,
			);
			buildRules = (
			);
			dependencies = (
			);
			name = Swift_ExecuteProj;
			productName = Swift_ExecuteProj;
			productReference = 1B30661B2700739C0007EEA5 /* Swift_ExecuteProj */;
			productType = "com.apple.product-type.tool";
		};
/* End PBXNativeTarget section */

/* Begin PBXProject section */
		1B3066132700739C0007EEA5 /* Project object */ = {
			isa = PBXProject;
			attributes = {
				LastSwiftUpdateCheck = 1250;
				LastUpgradeCheck = 1250;
				TargetAttributes = {
					1B30661A2700739C0007EEA5 = {
						CreatedOnToolsVersion = 12.5.1;
					};
				};
			};
			buildConfigurationList = 1B3066162700739C0007EEA5 /* Build configuration list for PBXProject "Swift_ExecuteProj" */;
			compatibilityVersion = "Xcode 9.3";
			developmentRegion = en;
			hasScannedForEncodings = 0;
			knownRegions = (
				en,
				Base,
			);
			mainGroup = 1B3066122700739C0007EEA5;
			productRefGroup = 1B30661C2700739C0007EEA5 /* Products */;
			projectDirPath = "";
			projectRoot = "";
			targets = (
				1B30661A2700739C0007EEA5 /* Swift_ExecuteProj */,
			);
		};
/* End PBXProject section */

/* Begin PBXSourcesBuildPhase section */
		1B3066172700739C0007EEA5 /* Sources */ = {
			isa = PBXSourcesBuildPhase;
			buildActionMask = 2147483647;
			files = (
				1B30661F2700739C0007EEA5 /* main.swift in Sources */,
			);
			runOnlyForDeploymentPostprocessing = 0;
		};
/* End PBXSourcesBuildPhase section */

/* Begin XCBuildConfiguration section */
		1B3066202700739C0007EEA5 /* Debug */ = {
			isa = XCBuildConfiguration;
			buildSettings = {
				ALWAYS_SEARCH_USER_PATHS = NO;
				CLANG_ANALYZER_NONNULL = YES;
				CLANG_ANALYZER_NUMBER_OBJECT_CONVERSION = YES_AGGRESSIVE;
				CLANG_CXX_LANGUAGE_STANDARD = "gnu++14";
				CLANG_CXX_LIBRARY = "libc++";
				CLANG_ENABLE_MODULES = YES;
				CLANG_ENABLE_OBJC_ARC = YES;
				CLANG_ENABLE_OBJC_WEAK = YES;
				CLANG_WARN_BLOCK_CAPTURE_AUTORELEASING = YES;
				CLANG_WARN_BOOL_CONVERSION = YES;
				CLANG_WARN_COMMA = YES;
				CLANG_WARN_CONSTANT_CONVERSION = YES;
				CLANG_WARN_DEPRECATED_OBJC_IMPLEMENTATIONS = YES;
				CLANG_WARN_DIRECT_OBJC_ISA_USAGE = YES_ERROR;
				CLANG_WARN_DOCUMENTATION_COMMENTS = YES;
				CLANG_WARN_EMPTY_BODY = YES;
				CLANG_WARN_ENUM_CONVERSION = YES;
				CLANG_WARN_INFINITE_RECURSION = YES;
				CLANG_WARN_INT_CONVERSION = YES;
				CLANG_WARN_NON_LITERAL_NULL_CONVERSION = YES;
				CLANG_WARN_OBJC_IMPLICIT_RETAIN_SELF = YES;
				CLANG_WARN_OBJC_LITERAL_CONVERSION = YES;
				CLANG_WARN_OBJC_ROOT_CLASS = YES_ERROR;
				CLANG_WARN_QUOTED_INCLUDE_IN_FRAMEWORK_HEADER = YES;
				CLANG_WARN_RANGE_LOOP_ANALYSIS = YES;
				CLANG_WARN_STRICT_PROTOTYPES = YES;
				CLANG_WARN_SUSPICIOUS_MOVE = YES;
				CLANG_WARN_UNGUARDED_AVAILABILITY = YES_AGGRESSIVE;
				CLANG_WARN_UNREACHABLE_CODE = YES;
				CLANG_WARN__DUPLICATE_METHOD_MATCH = YES;
				COPY_PHASE_STRIP = NO;
				DEBUG_INFORMATION_FORMAT = dwarf;
				ENABLE_STRICT_OBJC_MSGSEND = YES;
				ENABLE_TESTABILITY = YES;
				GCC_C_LANGUAGE_STANDARD = gnu11;
				GCC_DYNAMIC_NO_PIC = NO;
				GCC_NO_COMMON_BLOCKS = YES;
				GCC_OPTIMIZATION_LEVEL = 0;
				GCC_PREPROCESSOR_DEFINITIONS = (
					"DEBUG=1",
					"$(inherited)",
				);
				GCC_WARN_64_TO_32_BIT_CONVERSION = YES;
				GCC_WARN_ABOUT_RETURN_TYPE = YES_ERROR;
				GCC_WARN_UNDECLARED_SELECTOR = YES;
				GCC_WARN_UNINITIALIZED_AUTOS = YES_AGGRESSIVE;
				GCC_WARN_UNUSED_FUNCTION = YES;
				GCC_WARN_UNUSED_VARIABLE = YES;
				MACOSX_DEPLOYMENT_TARGET = 11.3;
				MTL_ENABLE_DEBUG_INFO = INCLUDE_SOURCE;
				MTL_FAST_MATH = YES;
				ONLY_ACTIVE_ARCH = YES;
				SDKROOT = macosx;
				SWIFT_ACTIVE_COMPILATION_CONDITIONS = DEBUG;
				SWIFT_OPTIMIZATION_LEVEL = "-Onone";
			};
			name = Debug;
		};
		1B3066212700739C0007EEA5 /* Release */ = {
			isa = XCBuildConfiguration;
			buildSettings = {
				ALWAYS_SEARCH_USER_PATHS = NO;
				CLANG_ANALYZER_NONNULL = YES;
				CLANG_ANALYZER_NUMBER_OBJECT_CONVERSION = YES_AGGRESSIVE;
				CLANG_CXX_LANGUAGE_STANDARD = "gnu++14";
				CLANG_CXX_LIBRARY = "libc++";
				CLANG_ENABLE_MODULES = YES;
				CLANG_ENABLE_OBJC_ARC = YES;
				CLANG_ENABLE_OBJC_WEAK = YES;
				CLANG_WARN_BLOCK_CAPTURE_AUTORELEASING = YES;
				CLANG_WARN_BOOL_CONVERSION = YES;
				CLANG_WARN_COMMA = YES;
				CLANG_WARN_CONSTANT_CONVERSION = YES;
				CLANG_WARN_DEPRECATED_OBJC_IMPLEMENTATIONS = YES;
				CLANG_WARN_DIRECT_OBJC_ISA_USAGE = YES_ERROR;
				CLANG_WARN_DOCUMENTATION_COMMENTS = YES;
				CLANG_WARN_EMPTY_BODY = YES;
				CLANG_WARN_ENUM_CONVERSION = YES;
				CLANG_WARN_INFINITE_RECURSION = YES;
				CLANG_WARN_INT_CONVERSION = YES;
				CLANG_WARN_NON_LITERAL_NULL_CONVERSION = YES;
				CLANG_WARN_OBJC_IMPLICIT_RETAIN_SELF = YES;
				CLANG_WARN_OBJC_LITERAL_CONVERSION = YES;
				CLANG_WARN_OBJC_ROOT_CLASS = YES_ERROR;
				CLANG_WARN_QUOTED_INCLUDE_IN_FRAMEWORK_HEADER = YES;
				CLANG_WARN_RANGE_LOOP_ANALYSIS = YES;
				CLANG_WARN_STRICT_PROTOTYPES = YES;
				CLANG_WARN_SUSPICIOUS_MOVE = YES;
				CLANG_WARN_UNGUARDED_AVAILABILITY = YES_AGGRESSIVE;
				CLANG_WARN_UNREACHABLE_CODE = YES;
				CLANG_WARN__DUPLICATE_METHOD_MATCH = YES;
				COPY_PHASE_STRIP = NO;
				DEBUG_INFORMATION_FORMAT = "dwarf-with-dsym";
				ENABLE_NS_ASSERTIONS = NO;
				ENABLE_STRICT_OBJC_MSGSEND = YES;
				GCC_C_LANGUAGE_STANDARD = gnu11;
				GCC_NO_COMMON_BLOCKS = YES;
				GCC_WARN_64_TO_32_BIT_CONVERSION = YES;
				GCC_WARN_ABOUT_RETURN_TYPE = YES_ERROR;
				GCC_WARN_UNDECLARED_SELECTOR = YES;
				GCC_WARN_UNINITIALIZED_AUTOS = YES_AGGRESSIVE;
				GCC_WARN_UNUSED_FUNCTION = YES;
				GCC_WARN_UNUSED_VARIABLE = YES;
				MACOSX_DEPLOYMENT_TARGET = 11.3;
				MTL_ENABLE_DEBUG_INFO = NO;
				MTL_FAST_MATH = YES;
				SDKROOT = macosx;
				SWIFT_COMPILATION_MODE = wholemodule;
				SWIFT_OPTIMIZATION_LEVEL = "-O";
			};
			name = Release;
		};
		1B3066232700739C0007EEA5 /* Debug */ = {
			isa = XCBuildConfiguration;
			buildSettings = {
				CODE_SIGN_STYLE = Automatic;
				DEVELOPMENT_TEAM = FY5ZRFN774;
				ENABLE_HARDENED_RUNTIME = YES;
				PRODUCT_NAME = "$(TARGET_NAME)";
				SWIFT_VERSION = 5.0;
			};
			name = Debug;
		};
		1B3066242700739C0007EEA5 /* Release */ = {
			isa = XCBuildConfiguration;
			buildSettings = {
				CODE_SIGN_STYLE = Automatic;
				DEVELOPMENT_TEAM = FY5ZRFN774;
				ENABLE_HARDENED_RUNTIME = YES;
				PRODUCT_NAME = "$(TARGET_NAME)";
				SWIFT_VERSION = 5.0;
			};
			name = Release;
		};
/* End XCBuildConfiguration section */

/* Begin XCConfigurationList section */
		1B3066162700739C0007EEA5 /* Build configuration list for PBXProject "Swift_ExecuteProj" */ = {
			isa = XCConfigurationList;
			buildConfigurations = (
				1B3066202700739C0007EEA5 /* Debug */,
				1B3066212700739C0007EEA5 /* Release */,
			);
			defaultConfigurationIsVisible = 0;
			defaultConfigurationName = Release;
		};
		1B3066222700739C0007EEA5 /* Build configuration list for PBXNativeTarget "Swift_ExecuteProj" */ = {
			isa = XCConfigurationList;
			buildConfigurations = (
				1B3066232700739C0007EEA5 /* Debug */,
				1B3066242700739C0007EEA5 /* Release */,
			);
			defaultConfigurationIsVisible = 0;
			defaultConfigurationName = Release;
		};
/* End XCConfigurationList section */
	};
	rootObject = 1B3066132700739C0007EEA5 /* Project object */;
}
